version = 1
revision = 3
requires-python = ">=3.12"
resolution-markers = [
    "sys_platform != 'darwin' and sys_platform != 'linux'",
    "sys_platform == 'linux'",
    "platform_machine != 'x86_64' and sys_platform == 'darwin'",
    "platform_machine == 'x86_64' and sys_platform == 'darwin'",
]
required-markers = [
    "platform_machine == 'x86_64' and sys_platform == 'darwin'",
]

[[package]]
name = "filelock"
version = "3.19.1"
source = { registry = "https://download.pytorch.org/whl/cpu" }
wheels = [
    { url = "https://download.pytorch.org/whl/filelock-3.19.1-py3-none-any.whl" },
]

[[package]]
name = "fsspec"
version = "2025.9.0"
source = { registry = "https://download.pytorch.org/whl/cpu" }
wheels = [
    { url = "https://download.pytorch.org/whl/fsspec-2025.9.0-py3-none-any.whl" },
]

[[package]]
name = "jinja2"
version = "3.1.6"
source = { registry = "https://download.pytorch.org/whl/cpu" }
dependencies = [
    { name = "markupsafe", version = "2.1.5", source = { registry = "https://download.pytorch.org/whl/cpu" }, marker = "platform_machine == 'x86_64' and sys_platform == 'darwin'" },
    { name = "markupsafe", version = "3.0.2", source = { registry = "https://download.pytorch.org/whl/cpu" }, marker = "platform_machine != 'x86_64' or sys_platform != 'darwin'" },
]
wheels = [
    { url = "https://download.pytorch.org/whl/jinja2-3.1.6-py3-none-any.whl" },
]

[[package]]
name = "markupsafe"
version = "2.1.5"
source = { registry = "https://download.pytorch.org/whl/cpu" }
resolution-markers = [
    "platform_machine == 'x86_64' and sys_platform == 'darwin'",
]
sdist = { url = "https://download.pytorch.org/whl/MarkupSafe-2.1.5.tar.gz", hash = "sha256:d283d37a890ba4c1ae73ffadf8046435c76e7bc2247bbb63c00bd1a709c6544b" }
wheels = [
    { url = "https://download.pytorch.org/whl/MarkupSafe-2.1.5-cp312-cp312-macosx_10_9_universal2.whl", hash = "sha256:8dec4936e9c3100156f8a2dc89c4b88d5c435175ff03413b443469c7c8c5f4d1" },
    { url = "https://download.pytorch.org/whl/MarkupSafe-2.1.5-cp312-cp312-macosx_10_9_x86_64.whl", hash = "sha256:3c6b973f22eb18a789b1460b4b91bf04ae3f0c4234a0a6aa6b0a92f6f7b951d4" },
]

[[package]]
name = "markupsafe"
version = "3.0.2"
source = { registry = "https://download.pytorch.org/whl/cpu" }
resolution-markers = [
    "sys_platform != 'darwin' and sys_platform != 'linux'",
    "sys_platform == 'linux'",
    "platform_machine != 'x86_64' and sys_platform == 'darwin'",
]
wheels = [
    { url = "https://download.pytorch.org/whl/MarkupSafe-3.0.2-cp313-cp313-manylinux_2_17_x86_64.manylinux2014_x86_64.whl", hash = "sha256:15ab75ef81add55874e7ab7055e9c397312385bd9ced94920f2802310c930396" },
]

[[package]]
name = "ml-privacy"
version = "0.1.0"
source = { virtual = "." }
dependencies = [
    { name = "numpy" },
    { name = "torch", version = "2.2.2", source = { registry = "https://download.pytorch.org/whl/cpu" }, marker = "platform_machine == 'x86_64' and sys_platform == 'darwin'" },
    { name = "torch", version = "2.9.0", source = { registry = "https://download.pytorch.org/whl/cpu" }, marker = "platform_machine != 'x86_64' and sys_platform == 'darwin'" },
    { name = "torch", version = "2.9.0+cpu", source = { registry = "https://download.pytorch.org/whl/cpu" }, marker = "sys_platform != 'darwin'" },
    { name = "torchvision", version = "0.17.2", source = { registry = "https://download.pytorch.org/whl/cpu" }, marker = "platform_machine == 'x86_64' and sys_platform == 'darwin'" },
    { name = "torchvision", version = "0.24.0", source = { registry = "https://download.pytorch.org/whl/cpu" }, marker = "(platform_machine != 'x86_64' and sys_platform == 'darwin') or sys_platform == 'linux'" },
    { name = "torchvision", version = "0.24.0+e437e35", source = { registry = "https://download.pytorch.org/whl/cpu" }, marker = "sys_platform != 'darwin' and sys_platform != 'linux'" },
]

[package.dev-dependencies]
dev = [
    { name = "ruff" },
]

[package.metadata]
requires-dist = [
    { name = "numpy", specifier = "<2.0.0" },
    { name = "torch", specifier = ">=2.2.2" },
    { name = "torchvision", specifier = ">=0.17.2" },
]

[package.metadata.requires-dev]
dev = [{ name = "ruff", specifier = ">=0.14.4" }]

[[package]]
name = "mpmath"
version = "1.3.0"
source = { registry = "https://download.pytorch.org/whl/cpu" }
wheels = [
    { url = "https://download.pytorch.org/whl/mpmath-1.3.0-py3-none-any.whl", hash = "sha256:a0b2b9fe80bbcd81a6647ff13108738cfb482d481d826cc0e02f5b35e5c88d2c" },
]

[[package]]
name = "networkx"
version = "3.5"
source = { registry = "https://download.pytorch.org/whl/cpu" }
wheels = [
    { url = "https://download.pytorch.org/whl/networkx-3.5-py3-none-any.whl" },
]

[[package]]
name = "numpy"
version = "1.26.3"
source = { registry = "https://download.pytorch.org/whl/cpu" }
wheels = [
    { url = "https://download.pytorch.org/whl/numpy-1.26.3-cp312-cp312-macosx_10_9_x86_64.whl", hash = "sha256:a7081fd19a6d573e1a05e600c82a1c421011db7935ed0d5c483e9dd96b99cf13" },
    { url = "https://download.pytorch.org/whl/numpy-1.26.3-cp312-cp312-macosx_11_0_arm64.whl", hash = "sha256:12c70ac274b32bc00c7f61b515126c9205323703abb99cd41836e8125ea0043e" },
    { url = "https://download.pytorch.org/whl/numpy-1.26.3-cp312-cp312-manylinux_2_17_aarch64.manylinux2014_aarch64.whl", hash = "sha256:7f784e13e598e9594750b2ef6729bcd5a47f6cfe4a12cca13def35e06d8163e3" },
    { url = "https://download.pytorch.org/whl/numpy-1.26.3-cp312-cp312-manylinux_2_17_x86_64.manylinux2014_x86_64.whl", hash = "sha256:5f24750ef94d56ce6e33e4019a8a4d68cfdb1ef661a52cdaee628a56d2437419" },
    { url = "https://download.pytorch.org/whl/numpy-1.26.3-cp312-cp312-win_amd64.whl", hash = "sha256:da4b0c6c699a0ad73c810736303f7fbae483bcb012e38d7eb06a5e3b432c981b" },
]

[[package]]
name = "pillow"
version = "11.3.0"
source = { registry = "https://download.pytorch.org/whl/cpu" }
wheels = [
    { url = "https://download.pytorch.org/whl/pillow-11.3.0-cp312-cp312-macosx_10_13_x86_64.whl" },
    { url = "https://download.pytorch.org/whl/pillow-11.3.0-cp312-cp312-macosx_11_0_arm64.whl" },
    { url = "https://download.pytorch.org/whl/pillow-11.3.0-cp312-cp312-manylinux2014_aarch64.manylinux_2_17_aarch64.whl" },
    { url = "https://download.pytorch.org/whl/pillow-11.3.0-cp312-cp312-manylinux2014_x86_64.manylinux_2_17_x86_64.whl" },
    { url = "https://download.pytorch.org/whl/pillow-11.3.0-cp312-cp312-manylinux_2_27_aarch64.manylinux_2_28_aarch64.whl" },
    { url = "https://download.pytorch.org/whl/pillow-11.3.0-cp312-cp312-manylinux_2_27_x86_64.manylinux_2_28_x86_64.whl" },
    { url = "https://download.pytorch.org/whl/pillow-11.3.0-cp312-cp312-win_amd64.whl" },
    { url = "https://download.pytorch.org/whl/pillow-11.3.0-cp312-cp312-win_arm64.whl" },
    { url = "https://download.pytorch.org/whl/pillow-11.3.0-cp313-cp313-ios_13_0_arm64_iphoneos.whl" },
    { url = "https://download.pytorch.org/whl/pillow-11.3.0-cp313-cp313-ios_13_0_arm64_iphonesimulator.whl" },
    { url = "https://download.pytorch.org/whl/pillow-11.3.0-cp313-cp313-ios_13_0_x86_64_iphonesimulator.whl" },
    { url = "https://download.pytorch.org/whl/pillow-11.3.0-cp313-cp313-macosx_10_13_x86_64.whl" },
    { url = "https://download.pytorch.org/whl/pillow-11.3.0-cp313-cp313-macosx_11_0_arm64.whl" },
    { url = "https://download.pytorch.org/whl/pillow-11.3.0-cp313-cp313-manylinux2014_aarch64.manylinux_2_17_aarch64.whl" },
    { url = "https://download.pytorch.org/whl/pillow-11.3.0-cp313-cp313-manylinux2014_x86_64.manylinux_2_17_x86_64.whl" },
    { url = "https://download.pytorch.org/whl/pillow-11.3.0-cp313-cp313-manylinux_2_27_aarch64.manylinux_2_28_aarch64.whl" },
    { url = "https://download.pytorch.org/whl/pillow-11.3.0-cp313-cp313-manylinux_2_27_x86_64.manylinux_2_28_x86_64.whl" },
    { url = "https://download.pytorch.org/whl/pillow-11.3.0-cp313-cp313-win_amd64.whl" },
    { url = "https://download.pytorch.org/whl/pillow-11.3.0-cp313-cp313-win_arm64.whl" },
    { url = "https://download.pytorch.org/whl/pillow-11.3.0-cp313-cp313t-macosx_10_13_x86_64.whl" },
    { url = "https://download.pytorch.org/whl/pillow-11.3.0-cp313-cp313t-macosx_11_0_arm64.whl" },
    { url = "https://download.pytorch.org/whl/pillow-11.3.0-cp313-cp313t-manylinux2014_aarch64.manylinux_2_17_aarch64.whl" },
    { url = "https://download.pytorch.org/whl/pillow-11.3.0-cp313-cp313t-manylinux2014_x86_64.manylinux_2_17_x86_64.whl" },
    { url = "https://download.pytorch.org/whl/pillow-11.3.0-cp313-cp313t-manylinux_2_27_aarch64.manylinux_2_28_aarch64.whl" },
    { url = "https://download.pytorch.org/whl/pillow-11.3.0-cp313-cp313t-manylinux_2_27_x86_64.manylinux_2_28_x86_64.whl" },
    { url = "https://download.pytorch.org/whl/pillow-11.3.0-cp313-cp313t-win_amd64.whl" },
    { url = "https://download.pytorch.org/whl/pillow-11.3.0-cp313-cp313t-win_arm64.whl" },
    { url = "https://download.pytorch.org/whl/pillow-11.3.0-cp314-cp314-macosx_10_13_x86_64.whl" },
    { url = "https://download.pytorch.org/whl/pillow-11.3.0-cp314-cp314-macosx_11_0_arm64.whl" },
    { url = "https://download.pytorch.org/whl/pillow-11.3.0-cp314-cp314-manylinux2014_aarch64.manylinux_2_17_aarch64.whl" },
    { url = "https://download.pytorch.org/whl/pillow-11.3.0-cp314-cp314-manylinux2014_x86_64.manylinux_2_17_x86_64.whl" },
    { url = "https://download.pytorch.org/whl/pillow-11.3.0-cp314-cp314-manylinux_2_27_aarch64.manylinux_2_28_aarch64.whl" },
    { url = "https://download.pytorch.org/whl/pillow-11.3.0-cp314-cp314-manylinux_2_27_x86_64.manylinux_2_28_x86_64.whl" },
    { url = "https://download.pytorch.org/whl/pillow-11.3.0-cp314-cp314-win_amd64.whl" },
    { url = "https://download.pytorch.org/whl/pillow-11.3.0-cp314-cp314-win_arm64.whl" },
    { url = "https://download.pytorch.org/whl/pillow-11.3.0-cp314-cp314t-macosx_10_13_x86_64.whl" },
    { url = "https://download.pytorch.org/whl/pillow-11.3.0-cp314-cp314t-macosx_11_0_arm64.whl" },
    { url = "https://download.pytorch.org/whl/pillow-11.3.0-cp314-cp314t-manylinux2014_aarch64.manylinux_2_17_aarch64.whl" },
    { url = "https://download.pytorch.org/whl/pillow-11.3.0-cp314-cp314t-manylinux2014_x86_64.manylinux_2_17_x86_64.whl" },
    { url = "https://download.pytorch.org/whl/pillow-11.3.0-cp314-cp314t-manylinux_2_27_aarch64.manylinux_2_28_aarch64.whl" },
    { url = "https://download.pytorch.org/whl/pillow-11.3.0-cp314-cp314t-manylinux_2_27_x86_64.manylinux_2_28_x86_64.whl" },
    { url = "https://download.pytorch.org/whl/pillow-11.3.0-cp314-cp314t-win_amd64.whl" },
    { url = "https://download.pytorch.org/whl/pillow-11.3.0-cp314-cp314t-win_arm64.whl" },
]

[[package]]
name = "ruff"
version = "0.14.7"
source = { registry = "https://pypi.org/simple" }
sdist = { url = "https://files.pythonhosted.org/packages/b7/5b/dd7406afa6c95e3d8fa9d652b6d6dd17dd4a6bf63cb477014e8ccd3dcd46/ruff-0.14.7.tar.gz", hash = "sha256:3417deb75d23bd14a722b57b0a1435561db65f0ad97435b4cf9f85ffcef34ae5", size = 5727324, upload-time = "2025-11-28T20:55:10.525Z" }
wheels = [
    { url = "https://files.pythonhosted.org/packages/8c/b1/7ea5647aaf90106f6d102230e5df874613da43d1089864da1553b899ba5e/ruff-0.14.7-py3-none-linux_armv6l.whl", hash = "sha256:b9d5cb5a176c7236892ad7224bc1e63902e4842c460a0b5210701b13e3de4fca", size = 13414475, upload-time = "2025-11-28T20:54:54.569Z" },
    { url = "https://files.pythonhosted.org/packages/af/19/fddb4cd532299db9cdaf0efdc20f5c573ce9952a11cb532d3b859d6d9871/ruff-0.14.7-py3-none-macosx_10_12_x86_64.whl", hash = "sha256:3f64fe375aefaf36ca7d7250292141e39b4cea8250427482ae779a2aa5d90015", size = 13634613, upload-time = "2025-11-28T20:55:17.54Z" },
    { url = "https://files.pythonhosted.org/packages/40/2b/469a66e821d4f3de0440676ed3e04b8e2a1dc7575cf6fa3ba6d55e3c8557/ruff-0.14.7-py3-none-macosx_11_0_arm64.whl", hash = "sha256:93e83bd3a9e1a3bda64cb771c0d47cda0e0d148165013ae2d3554d718632d554", size = 12765458, upload-time = "2025-11-28T20:55:26.128Z" },
    { url = "https://files.pythonhosted.org/packages/f1/05/0b001f734fe550bcfde4ce845948ac620ff908ab7241a39a1b39bb3c5f49/ruff-0.14.7-py3-none-manylinux_2_17_aarch64.manylinux2014_aarch64.whl", hash = "sha256:3838948e3facc59a6070795de2ae16e5786861850f78d5914a03f12659e88f94", size = 13236412, upload-time = "2025-11-28T20:55:28.602Z" },
    { url = "https://files.pythonhosted.org/packages/11/36/8ed15d243f011b4e5da75cd56d6131c6766f55334d14ba31cce5461f28aa/ruff-0.14.7-py3-none-manylinux_2_17_armv7l.manylinux2014_armv7l.whl", hash = "sha256:24c8487194d38b6d71cd0fd17a5b6715cda29f59baca1defe1e3a03240f851d1", size = 13182949, upload-time = "2025-11-28T20:55:33.265Z" },
    { url = "https://files.pythonhosted.org/packages/3b/cf/fcb0b5a195455729834f2a6eadfe2e4519d8ca08c74f6d2b564a4f18f553/ruff-0.14.7-py3-none-manylinux_2_17_i686.manylinux2014_i686.whl", hash = "sha256:79c73db6833f058a4be8ffe4a0913b6d4ad41f6324745179bd2aa09275b01d0b", size = 13816470, upload-time = "2025-11-28T20:55:08.203Z" },
    { url = "https://files.pythonhosted.org/packages/7f/5d/34a4748577ff7a5ed2f2471456740f02e86d1568a18c9faccfc73bd9ca3f/ruff-0.14.7-py3-none-manylinux_2_17_ppc64.manylinux2014_ppc64.whl", hash = "sha256:12eb7014fccff10fc62d15c79d8a6be4d0c2d60fe3f8e4d169a0d2def75f5dad", size = 15289621, upload-time = "2025-11-28T20:55:30.837Z" },
    { url = "https://files.pythonhosted.org/packages/53/53/0a9385f047a858ba133d96f3f8e3c9c66a31cc7c4b445368ef88ebeac209/ruff-0.14.7-py3-none-manylinux_2_17_ppc64le.manylinux2014_ppc64le.whl", hash = "sha256:6c623bbdc902de7ff715a93fa3bb377a4e42dd696937bf95669118773dbf0c50", size = 14975817, upload-time = "2025-11-28T20:55:24.107Z" },
    { url = "https://files.pythonhosted.org/packages/a8/d7/2f1c32af54c3b46e7fadbf8006d8b9bcfbea535c316b0bd8813d6fb25e5d/ruff-0.14.7-py3-none-manylinux_2_17_s390x.manylinux2014_s390x.whl", hash = "sha256:f53accc02ed2d200fa621593cdb3c1ae06aa9b2c3cae70bc96f72f0000ae97a9", size = 14284549, upload-time = "2025-11-28T20:55:06.08Z" },
    { url = "https://files.pythonhosted.org/packages/92/05/434ddd86becd64629c25fb6b4ce7637dd52a45cc4a4415a3008fe61c27b9/ruff-0.14.7-py3-none-manylinux_2_17_x86_64.manylinux2014_x86_64.whl", hash = "sha256:281f0e61a23fcdcffca210591f0f53aafaa15f9025b5b3f9706879aaa8683bc4", size = 14071389, upload-time = "2025-11-28T20:55:35.617Z" },
    { url = "https://files.pythonhosted.org/packages/ff/50/fdf89d4d80f7f9d4f420d26089a79b3bb1538fe44586b148451bc2ba8d9c/ruff-0.14.7-py3-none-manylinux_2_31_riscv64.whl", hash = "sha256:dbbaa5e14148965b91cb090236931182ee522a5fac9bc5575bafc5c07b9f9682", size = 14202679, upload-time = "2025-11-28T20:55:01.472Z" },
    { url = "https://files.pythonhosted.org/packages/77/54/87b34988984555425ce967f08a36df0ebd339bb5d9d0e92a47e41151eafc/ruff-0.14.7-py3-none-musllinux_1_2_aarch64.whl", hash = "sha256:1464b6e54880c0fe2f2d6eaefb6db15373331414eddf89d6b903767ae2458143", size = 13147677, upload-time = "2025-11-28T20:55:19.933Z" },
    { url = "https://files.pythonhosted.org/packages/67/29/f55e4d44edfe053918a16a3299e758e1c18eef216b7a7092550d7a9ec51c/ruff-0.14.7-py3-none-musllinux_1_2_armv7l.whl", hash = "sha256:f217ed871e4621ea6128460df57b19ce0580606c23aeab50f5de425d05226784", size = 13151392, upload-time = "2025-11-28T20:55:21.967Z" },
    { url = "https://files.pythonhosted.org/packages/36/69/47aae6dbd4f1d9b4f7085f4d9dcc84e04561ee7ad067bf52e0f9b02e3209/ruff-0.14.7-py3-none-musllinux_1_2_i686.whl", hash = "sha256:6be02e849440ed3602d2eb478ff7ff07d53e3758f7948a2a598829660988619e", size = 13412230, upload-time = "2025-11-28T20:55:12.749Z" },
    { url = "https://files.pythonhosted.org/packages/b7/4b/6e96cb6ba297f2ba502a231cd732ed7c3de98b1a896671b932a5eefa3804/ruff-0.14.7-py3-none-musllinux_1_2_x86_64.whl", hash = "sha256:19a0f116ee5e2b468dfe80c41c84e2bbd6b74f7b719bee86c2ecde0a34563bcc", size = 14195397, upload-time = "2025-11-28T20:54:56.896Z" },
    { url = "https://files.pythonhosted.org/packages/69/82/251d5f1aa4dcad30aed491b4657cecd9fb4274214da6960ffec144c260f7/ruff-0.14.7-py3-none-win32.whl", hash = "sha256:e33052c9199b347c8937937163b9b149ef6ab2e4bb37b042e593da2e6f6cccfa", size = 13126751, upload-time = "2025-11-28T20:55:03.47Z" },
    { url = "https://files.pythonhosted.org/packages/a8/b5/d0b7d145963136b564806f6584647af45ab98946660d399ec4da79cae036/ruff-0.14.7-py3-none-win_amd64.whl", hash = "sha256:e17a20ad0d3fad47a326d773a042b924d3ac31c6ca6deb6c72e9e6b5f661a7c6", size = 14531726, upload-time = "2025-11-28T20:54:59.121Z" },
    { url = "https://files.pythonhosted.org/packages/1d/d2/1637f4360ada6a368d3265bf39f2cf737a0aaab15ab520fc005903e883f8/ruff-0.14.7-py3-none-win_arm64.whl", hash = "sha256:be4d653d3bea1b19742fcc6502354e32f65cd61ff2fbdb365803ef2c2aec6228", size = 13609215, upload-time = "2025-11-28T20:55:15.375Z" },
]

[[package]]
name = "setuptools"
version = "70.2.0"
source = { registry = "https://download.pytorch.org/whl/cpu" }
wheels = [
    { url = "https://download.pytorch.org/whl/setuptools-70.2.0-py3-none-any.whl", hash = "sha256:b8b8060bb426838fbe942479c90296ce976249451118ef566a5a0b7d8b78fb05" },
]

[[package]]
name = "sympy"
version = "1.14.0"
source = { registry = "https://download.pytorch.org/whl/cpu" }
dependencies = [
    { name = "mpmath" },
]
wheels = [
    { url = "https://download.pytorch.org/whl/sympy-1.14.0-py3-none-any.whl" },
]

[[package]]
name = "torch"
version = "2.2.2"
source = { registry = "https://download.pytorch.org/whl/cpu" }
resolution-markers = [
    "platform_machine == 'x86_64' and sys_platform == 'darwin'",
]
dependencies = [
    { name = "filelock", marker = "platform_machine == 'x86_64' and sys_platform == 'darwin'" },
    { name = "fsspec", marker = "platform_machine == 'x86_64' and sys_platform == 'darwin'" },
    { name = "jinja2", marker = "platform_machine == 'x86_64' and sys_platform == 'darwin'" },
    { name = "networkx", marker = "platform_machine == 'x86_64' and sys_platform == 'darwin'" },
    { name = "sympy", marker = "platform_machine == 'x86_64' and sys_platform == 'darwin'" },
    { name = "typing-extensions", marker = "platform_machine == 'x86_64' and sys_platform == 'darwin'" },
]
wheels = [
    { url = "https://download.pytorch.org/whl/cpu/torch-2.2.2-cp312-none-macosx_10_9_x86_64.whl", hash = "sha256:49508cb377ac965185a5c94e18a7719ad386a35e6f0a5f999f542f6e80f3c5ec" },
]

[[package]]
name = "torch"
version = "2.9.0"
source = { registry = "https://download.pytorch.org/whl/cpu" }
resolution-markers = [
    "platform_machine != 'x86_64' and sys_platform == 'darwin'",
]
dependencies = [
    { name = "filelock", marker = "platform_machine != 'x86_64' and sys_platform == 'darwin'" },
    { name = "fsspec", marker = "platform_machine != 'x86_64' and sys_platform == 'darwin'" },
    { name = "jinja2", marker = "platform_machine != 'x86_64' and sys_platform == 'darwin'" },
    { name = "networkx", marker = "platform_machine != 'x86_64' and sys_platform == 'darwin'" },
    { name = "setuptools", marker = "platform_machine != 'x86_64' and sys_platform == 'darwin'" },
    { name = "sympy", marker = "platform_machine != 'x86_64' and sys_platform == 'darwin'" },
    { name = "typing-extensions", marker = "platform_machine != 'x86_64' and sys_platform == 'darwin'" },
]
wheels = [
    { url = "https://download.pytorch.org/whl/cpu/torch-2.9.0-cp312-none-macosx_11_0_arm64.whl", hash = "sha256:4de0ed8cbc457a506dbca40376e206a29efee10756a00f1f3404bf67ad737d04" },
    { url = "https://download.pytorch.org/whl/cpu/torch-2.9.0-cp313-cp313t-macosx_11_0_arm64.whl", hash = "sha256:259548471194ab63d7ea273873053a6e3cc23530c1510f01e9d7ad259187bbd0" },
    { url = "https://download.pytorch.org/whl/cpu/torch-2.9.0-cp313-none-macosx_11_0_arm64.whl", hash = "sha256:e24836d968b54ef4dfb05594001a61958711ac9224026291e4e3f92f83a6fd7f" },
    { url = "https://download.pytorch.org/whl/cpu/torch-2.9.0-cp314-cp314-macosx_11_0_arm64.whl", hash = "sha256:d8e2ab7f86010330bdcc39c8b2c795590cc75e37df4823cdaee2c98d6e3ff4a3" },
    { url = "https://download.pytorch.org/whl/cpu/torch-2.9.0-cp314-cp314t-macosx_11_0_arm64.whl", hash = "sha256:a3e859039c985d8e3ea60d7a54ca7e97ea2ae15e31beced4f3260128a161bb01" },
]

[[package]]
name = "torch"
version = "2.9.0+cpu"
source = { registry = "https://download.pytorch.org/whl/cpu" }
resolution-markers = [
    "sys_platform != 'darwin' and sys_platform != 'linux'",
    "sys_platform == 'linux'",
]
dependencies = [
    { name = "filelock", marker = "sys_platform != 'darwin'" },
    { name = "fsspec", marker = "sys_platform != 'darwin'" },
    { name = "jinja2", marker = "sys_platform != 'darwin'" },
    { name = "networkx", marker = "sys_platform != 'darwin'" },
    { name = "setuptools", marker = "sys_platform != 'darwin'" },
    { name = "sympy", marker = "sys_platform != 'darwin'" },
    { name = "typing-extensions", marker = "sys_platform != 'darwin'" },
]
wheels = [
    { url = "https://download.pytorch.org/whl/cpu/torch-2.9.0%2Bcpu-cp312-cp312-manylinux_2_28_aarch64.whl", hash = "sha256:3a651434ae1248b0568c12b5f9e3acc8942eb28378d9d04a79302938b68c6f24" },
    { url = "https://download.pytorch.org/whl/cpu/torch-2.9.0%2Bcpu-cp312-cp312-manylinux_2_28_x86_64.whl", hash = "sha256:28f6eb31b08180a5c5e98d5bc14eef6909c9f5a1dbff9632c3e02a8773449349" },
    { url = "https://download.pytorch.org/whl/cpu/torch-2.9.0%2Bcpu-cp312-cp312-win_amd64.whl", hash = "sha256:e438061b87ec7dd6018fca9f975219889aa0a3f6cdc3ea10dd0ae2bc7f1c47ce" },
    { url = "https://download.pytorch.org/whl/cpu/torch-2.9.0%2Bcpu-cp312-cp312-win_arm64.whl", hash = "sha256:eb13ff1c34e338d722e76a4fd83b8d282782505bd1b99af4b3c32da66eba6eb4" },
    { url = "https://download.pytorch.org/whl/cpu/torch-2.9.0%2Bcpu-cp313-cp313-manylinux_2_28_aarch64.whl", hash = "sha256:be4438d8dad7f0d5a5e54f0feef8a893446894ec87f102bb1d82dcc4518542e4" },
    { url = "https://download.pytorch.org/whl/cpu/torch-2.9.0%2Bcpu-cp313-cp313-manylinux_2_28_x86_64.whl", hash = "sha256:6c9b217584400963d5b4daddb3711ec7a3778eab211e18654fba076cce3b8682" },
    { url = "https://download.pytorch.org/whl/cpu/torch-2.9.0%2Bcpu-cp313-cp313-win_amd64.whl", hash = "sha256:728372e3f58c5826445f677746e5311c1935c1a7c59599f73a49ded850e038e8" },
    { url = "https://download.pytorch.org/whl/cpu/torch-2.9.0%2Bcpu-cp313-cp313-win_arm64.whl", hash = "sha256:95e56c26f919fbb98f16e7a0b87af494b893f9da9a65a020f17a01c13e520a81" },
    { url = "https://download.pytorch.org/whl/cpu/torch-2.9.0%2Bcpu-cp313-cp313t-manylinux_2_28_aarch64.whl", hash = "sha256:6c777160288b08555820781ae0f3a2c67a59bd24b065e88ca1ec20e2f9dc8ac7" },
    { url = "https://download.pytorch.org/whl/cpu/torch-2.9.0%2Bcpu-cp313-cp313t-manylinux_2_28_x86_64.whl", hash = "sha256:528fd338311f31c9fb18038cafd00e6eae0bf5ad5577521701acb62510753d18" },
    { url = "https://download.pytorch.org/whl/cpu/torch-2.9.0%2Bcpu-cp313-cp313t-win_amd64.whl", hash = "sha256:d572863990e7d2762b547735ef589f6350d9eb4e441d38753a1c33636698cf4c" },
    { url = "https://download.pytorch.org/whl/cpu/torch-2.9.0%2Bcpu-cp314-cp314-manylinux_2_28_aarch64.whl", hash = "sha256:44aadb735774d4a99525d2ec29126b23016c44a07b02ce6c237dfa61a223dd52" },
    { url = "https://download.pytorch.org/whl/cpu/torch-2.9.0%2Bcpu-cp314-cp314-manylinux_2_28_x86_64.whl", hash = "sha256:b355e07b7f0c369cb031adfcbff5c37a609abcea091b918a39886412afd2e07d" },
    { url = "https://download.pytorch.org/whl/cpu/torch-2.9.0%2Bcpu-cp314-cp314-win_amd64.whl", hash = "sha256:c2698999361d73c2d25d7cc8a787130188d49b183abb18b554228daa102e1594" },
    { url = "https://download.pytorch.org/whl/cpu/torch-2.9.0%2Bcpu-cp314-cp314t-manylinux_2_28_aarch64.whl", hash = "sha256:fa0d1373d04b30ff8f12d542135d292f1a1ddb7c0d852a3d487a320360e5dab9" },
    { url = "https://download.pytorch.org/whl/cpu/torch-2.9.0%2Bcpu-cp314-cp314t-manylinux_2_28_x86_64.whl", hash = "sha256:2f49bb57a5fe0dc7f8e73ea9e5d36ebda2ea25b8a714a788f0fc2fc47d20a830" },
    { url = "https://download.pytorch.org/whl/cpu/torch-2.9.0%2Bcpu-cp314-cp314t-win_amd64.whl", hash = "sha256:3a60d1ecf27a9cce839b3aa665b26f0af1b1007b9c9f1e7f597f6b7bdf107617" },
]

[[package]]
name = "torchvision"
version = "0.17.2"
source = { registry = "https://download.pytorch.org/whl/cpu" }
resolution-markers = [
    "platform_machine == 'x86_64' and sys_platform == 'darwin'",
]
dependencies = [
    { name = "numpy", marker = "platform_machine == 'x86_64' and sys_platform == 'darwin'" },
    { name = "pillow", marker = "platform_machine == 'x86_64' and sys_platform == 'darwin'" },
    { name = "torch", version = "2.2.2", source = { registry = "https://download.pytorch.org/whl/cpu" }, marker = "platform_machine == 'x86_64' and sys_platform == 'darwin'" },
]
wheels = [
    { url = "https://download.pytorch.org/whl/cpu/torchvision-0.17.2-cp312-cp312-macosx_10_13_x86_64.whl", hash = "sha256:14fd1d4a033c325bdba2d03a69c3450cab6d3a625f85cc375781d9237ca5d04d" },
]

[[package]]
name = "torchvision"
version = "0.24.0"
source = { registry = "https://download.pytorch.org/whl/cpu" }
resolution-markers = [
    "sys_platform == 'linux'",
    "platform_machine != 'x86_64' and sys_platform == 'darwin'",
]
dependencies = [
    { name = "numpy", marker = "(platform_machine != 'x86_64' and sys_platform == 'darwin') or sys_platform == 'linux'" },
    { name = "pillow", marker = "(platform_machine != 'x86_64' and sys_platform == 'darwin') or sys_platform == 'linux'" },
    { name = "torch", version = "2.9.0", source = { registry = "https://download.pytorch.org/whl/cpu" }, marker = "platform_machine != 'x86_64' and sys_platform == 'darwin'" },
    { name = "torch", version = "2.9.0+cpu", source = { registry = "https://download.pytorch.org/whl/cpu" }, marker = "sys_platform == 'linux'" },
]
wheels = [
    { url = "https://download.pytorch.org/whl/cpu/torchvision-0.24.0-cp312-cp312-macosx_11_0_arm64.whl", hash = "sha256:c61d40bcd2e2451e932902a702ad495ba1ec6f279e90b1e15cef2bb55dc911e2" },
    { url = "https://download.pytorch.org/whl/cpu/torchvision-0.24.0-cp312-cp312-manylinux_2_28_aarch64.whl", hash = "sha256:b0531d1483fc322d7da0d83be52f0df860a75114ab87dbeeb9de765feaeda843" },
    { url = "https://download.pytorch.org/whl/cpu/torchvision-0.24.0-cp313-cp313-macosx_12_0_arm64.whl", hash = "sha256:84d79cfc6457310107ce4d712de7a3d388b24484bc9aeded4a76d8f8e3a2813d" },
    { url = "https://download.pytorch.org/whl/cpu/torchvision-0.24.0-cp313-cp313-manylinux_2_28_aarch64.whl", hash = "sha256:fec12a269cf80f6b0b71471c8d498cd3bdd9d8e892c425bf39fecb604852c3b0" },
    { url = "https://download.pytorch.org/whl/cpu/torchvision-0.24.0-cp313-cp313t-macosx_11_0_arm64.whl", hash = "sha256:6ab956a6e588623353e0f20d4b03eb1656cb4a3c75ca4dd8b4e32e01bc43271a" },
    { url = "https://download.pytorch.org/whl/cpu/torchvision-0.24.0-cp313-cp313t-manylinux_2_28_aarch64.whl", hash = "sha256:b1b3db80609c32a088554e8e94b4fc31f1033fe5bb4ac0673ec49c3eb03fb4da" },
    { url = "https://download.pytorch.org/whl/cpu/torchvision-0.24.0-cp314-cp314-macosx_11_0_arm64.whl", hash = "sha256:4bdfc85a5ed706421555f32cdc5e3ddb6d40bf65ef03a274ce3c176393e2904b" },
    { url = "https://download.pytorch.org/whl/cpu/torchvision-0.24.0-cp314-cp314-manylinux_2_28_aarch64.whl", hash = "sha256:73576a9c4a593223fbae85a64e8bbd77049abd1101893ecf3c5e981284fd58b4" },
    { url = "https://download.pytorch.org/whl/cpu/torchvision-0.24.0-cp314-cp314t-macosx_11_0_arm64.whl", hash = "sha256:68120e7e03c31900e499a10bb7fdd63cfd67f0054c9fa108e7e27f9cd372f315" },
    { url = "https://download.pytorch.org/whl/cpu/torchvision-0.24.0-cp314-cp314t-manylinux_2_28_aarch64.whl", hash = "sha256:64e54494043eecf9f57a9881c6fdea49c62282782e737c002ae8b1639e6ea80e" },
]

[[package]]
name = "torchvision"
version = "0.24.0+e437e35"
source = { registry = "https://download.pytorch.org/whl/cpu" }
resolution-markers = [
    "sys_platform != 'darwin' and sys_platform != 'linux'",
]
dependencies = [
    { name = "numpy", marker = "sys_platform != 'darwin' and sys_platform != 'linux'" },
    { name = "pillow", marker = "sys_platform != 'darwin' and sys_platform != 'linux'" },
    { name = "torch", version = "2.9.0+cpu", source = { registry = "https://download.pytorch.org/whl/cpu" }, marker = "sys_platform != 'darwin' and sys_platform != 'linux'" },
]
wheels = [
    { url = "https://download.pytorch.org/whl/cpu/torchvision-0.24.0%2Be437e35-cp312-cp312-win_arm64.whl", hash = "sha256:c3e23d49a598c2edaf08d9d285fe9f74fca5ab39eb713ac3cee2a292bcecc442" },
    { url = "https://download.pytorch.org/whl/cpu/torchvision-0.24.0%2Be437e35-cp313-cp313-win_arm64.whl", hash = "sha256:822e01cd9b95fd84dc51c4e9887346622d7fa425d67942ae25f233783d49e9a9" },
]

[[package]]
name = "typing-extensions"
version = "4.15.0"
source = { registry = "https://download.pytorch.org/whl/cpu" }
wheels = [
    { url = "https://download.pytorch.org/whl/typing_extensions-4.15.0-py3-none-any.whl" },
]
